
Microsoft Visual Studio Solution File, Format Version 12.00
# Visual Studio Version 17
VisualStudioVersion = 17.5.002.0
MinimumVisualStudioVersion = 10.0.40219.1
Project("{9A19103F-16F7-4668-BE54-9A1E7A4F7556}") = "TesteDeLogica", "TesteDeLogica.csproj", "{AB660161-01FA-42D0-A549-B32A66DD0956}"
EndProject
Global
	GlobalSection(SolutionConfigurationPlatforms) = preSolution
		Debug|Any CPU = Debug|Any CPU
		Release|Any CPU = Release|Any CPU
	EndGlobalSection
	GlobalSection(ProjectConfigurationPlatforms) = postSolution
		{AB660161-01FA-42D0-A549-B32A66DD0956}.Debug|Any CPU.ActiveCfg = Debug|Any CPU
		{AB660161-01FA-42D0-A549-B32A66DD0956}.Debug|Any CPU.Build.0 = Debug|Any CPU
		{AB660161-01FA-42D0-A549-B32A66DD0956}.Release|Any CPU.ActiveCfg = Release|Any CPU
		{AB660161-01FA-42D0-A549-B32A66DD0956}.Release|Any CPU.Build.0 = Release|Any CPU
	EndGlobalSection
	GlobalSection(SolutionProperties) = preSolution
		HideSolutionNode = FALSE
	EndGlobalSection
	GlobalSection(ExtensibilityGlobals) = postSolution
		SolutionGuid = {CD561C09-22A2-4CB7-ADFE-978CC7FA64C1}
	EndGlobalSection
EndGlobal
